
Microsoft Visual Studio Solution File, Format Version 12.00
# Visual Studio Version 17
VisualStudioVersion = 17.6.33801.468
MinimumVisualStudioVersion = 10.0.40219.1
Project("{FAE04EC0-301F-11D3-BF4B-00C04F79EFBC}") = "EmployeeAccounting", "EmployeeAccounting\EmployeeAccounting.csproj", "{1B5774BE-8C65-43BF-9EE2-FDA81B39426D}"
EndProject
Global
	GlobalSection(SolutionConfigurationPlatforms) = preSolution
		Debug|Any CPU = Debug|Any CPU
		Release|Any CPU = Release|Any CPU
	EndGlobalSection
	GlobalSection(ProjectConfigurationPlatforms) = postSolution
		{1B5774BE-8C65-43BF-9EE2-FDA81B39426D}.Debug|Any CPU.ActiveCfg = Debug|Any CPU
		{1B5774BE-8C65-43BF-9EE2-FDA81B39426D}.Debug|Any CPU.Build.0 = Debug|Any CPU
		{1B5774BE-8C65-43BF-9EE2-FDA81B39426D}.Release|Any CPU.ActiveCfg = Release|Any CPU
		{1B5774BE-8C65-43BF-9EE2-FDA81B39426D}.Release|Any CPU.Build.0 = Release|Any CPU
	EndGlobalSection
	GlobalSection(SolutionProperties) = preSolution
		HideSolutionNode = FALSE
	EndGlobalSection
	GlobalSection(ExtensibilityGlobals) = postSolution
		SolutionGuid = {D2D13C58-B18A-4D7B-97CE-091DF4AC495B}
	EndGlobalSection
EndGlobal
